{
  "version": 4,
  "terraform_version": "1.6.0",
  "serial": 9,
  "lineage": "7a7de48f-1453-9978-21c4-5bf5c96e528a",
  "outputs": {},
  "resources": [
    {
      "mode": "managed",
      "type": "ionoscloud_datacenter",
      "name": "FrankfortDC",
      "provider": "provider[\"registry.terraform.io/ionos-cloud/ionoscloud\"]",
      "instances": [
        {
          "schema_version": 0,
          "attributes": {
            "cpu_architecture": [
              {
                "cpu_family": "INTEL_SKYLAKE",
                "max_cores": 4,
                "max_ram": 20480,
                "vendor": "GenuineIntel"
              },
              {
                "cpu_family": "INTEL_ICELAKE",
                "max_cores": 4,
                "max_ram": 20480,
                "vendor": "GenuineIntel"
              }
            ],
            "description": "Virtual datacenter in frankfort",
            "features": [
              "acronis-api-v2",
              "amd-epyc",
              "cloud-init",
              "cloud-init-private-image",
              "contract-identities",
              "core-vps",
              "cpu-hot-plug",
              "disk-vio-hot-plug",
              "disk-vio-hot-unplug",
              "flow-logs",
              "intel-icelake",
              "k8s",
              "mem-hot-plug",
              "monitoring",
              "nic-hot-plug",
              "nic-hot-unplug",
              "os-pool-optimised",
              "private-loadbalancer",
              "ssd",
              "ssd-storage-zoning",
              "v-cpu-instance",
              "vnf-alb",
              "vnf-lb",
              "vnf-nat"
            ],
            "id": "235e9225-8497-4197-b23e-7c7c1241cfc8",
            "location": "de/fra",
            "name": "Frankfort Datacenter",
            "sec_auth_protection": false,
            "timeouts": null,
            "version": 8
          },
          "sensitive_attributes": [],
          "private": "eyJlMmJmYjczMC1lY2FhLTExZTYtOGY4OC0zNDM2M2JjN2M0YzAiOnsiY3JlYXRlIjozNjAwMDAwMDAwMDAwLCJkZWZhdWx0IjozNjAwMDAwMDAwMDAwLCJkZWxldGUiOjM2MDAwMDAwMDAwMDAsInJlYWQiOjM2MDAwMDAwMDAwMDAsInVwZGF0ZSI6MzYwMDAwMDAwMDAwMH19",
          "create_before_destroy": true
        }
      ]
    },
    {
      "mode": "managed",
      "type": "ionoscloud_ipblock",
      "name": "ipblock-FrankfortDC",
      "provider": "provider[\"registry.terraform.io/ionos-cloud/ionoscloud\"]",
      "instances": [
        {
          "schema_version": 0,
          "attributes": {
            "id": "22c922e2-b074-4f67-9983-5ed61b25534d",
            "ip_consumers": [
              {
                "datacenter_id": "235e9225-8497-4197-b23e-7c7c1241cfc8",
                "datacenter_name": "Frankfort Datacenter",
                "ip": "85.215.49.238",
                "k8s_cluster_uuid": "",
                "k8s_nodepool_uuid": "acd95bd3-8b1d-4707-b13c-830b09340150",
                "mac": "02:01:1f:36:bd:75",
                "nic_id": "88e8c59a-f119-4021-8766-fabd0cab547c",
                "server_id": "96916fa9-bb71-4166-813a-76edee5cad16",
                "server_name": "kube-node-pool-franfort-dc-e6tldwzsfz"
              },
              {
                "datacenter_id": "235e9225-8497-4197-b23e-7c7c1241cfc8",
                "datacenter_name": "Frankfort Datacenter",
                "ip": "85.215.49.239",
                "k8s_cluster_uuid": "",
                "k8s_nodepool_uuid": "acd95bd3-8b1d-4707-b13c-830b09340150",
                "mac": "",
                "nic_id": "",
                "server_id": "",
                "server_name": ""
              },
              {
                "datacenter_id": "235e9225-8497-4197-b23e-7c7c1241cfc8",
                "datacenter_name": "Frankfort Datacenter",
                "ip": "85.215.43.21",
                "k8s_cluster_uuid": "",
                "k8s_nodepool_uuid": "acd95bd3-8b1d-4707-b13c-830b09340150",
                "mac": "",
                "nic_id": "",
                "server_id": "",
                "server_name": ""
              },
              {
                "datacenter_id": "235e9225-8497-4197-b23e-7c7c1241cfc8",
                "datacenter_name": "Frankfort Datacenter",
                "ip": "85.215.49.237",
                "k8s_cluster_uuid": "",
                "k8s_nodepool_uuid": "acd95bd3-8b1d-4707-b13c-830b09340150",
                "mac": "",
                "nic_id": "",
                "server_id": "",
                "server_name": ""
              }
            ],
            "ips": [
              "85.215.49.239",
              "85.215.43.21",
              "85.215.49.238",
              "85.215.49.237"
            ],
            "location": "de/fra",
            "name": "IP Block FrankfortDC",
            "size": 4,
            "timeouts": null
          },
          "sensitive_attributes": [],
          "private": "eyJlMmJmYjczMC1lY2FhLTExZTYtOGY4OC0zNDM2M2JjN2M0YzAiOnsiY3JlYXRlIjozNjAwMDAwMDAwMDAwLCJkZWZhdWx0IjozNjAwMDAwMDAwMDAwLCJkZWxldGUiOjM2MDAwMDAwMDAwMDAsInJlYWQiOjM2MDAwMDAwMDAwMDAsInVwZGF0ZSI6MzYwMDAwMDAwMDAwMH19"
        }
      ]
    },
    {
      "mode": "managed",
      "type": "ionoscloud_k8s_cluster",
      "name": "FrankforDC-Kube-Cluster",
      "provider": "provider[\"registry.terraform.io/ionos-cloud/ionoscloud\"]",
      "instances": [
        {
          "schema_version": 0,
          "attributes": {
            "api_subnet_allow_list": null,
            "id": "762d489c-0d77-4879-a7d0-695aa52fa73f",
            "k8s_version": "1.25.6",
            "maintenance_window": [
              {
                "day_of_the_week": "Saturday",
                "time": "03:45:53Z"
              }
            ],
            "name": "frankfort-kube-cluster",
            "public": true,
            "s3_buckets": [],
            "timeouts": null,
            "viable_node_pool_versions": [
              "1.25.13",
              "1.25.12",
              "1.25.11",
              "1.25.10",
              "1.25.9",
              "1.25.6",
              "1.25.5"
            ]
          },
          "sensitive_attributes": [],
          "private": "eyJlMmJmYjczMC1lY2FhLTExZTYtOGY4OC0zNDM2M2JjN2M0YzAiOnsiY3JlYXRlIjozNjAwMDAwMDAwMDAwLCJkZWZhdWx0IjozNjAwMDAwMDAwMDAwLCJkZWxldGUiOjM2MDAwMDAwMDAwMDAsInJlYWQiOjM2MDAwMDAwMDAwMDAsInVwZGF0ZSI6MzYwMDAwMDAwMDAwMH19"
        }
      ]
    },
    {
      "mode": "managed",
      "type": "ionoscloud_k8s_node_pool",
      "name": "frankfort-Node_Pool",
      "provider": "provider[\"registry.terraform.io/ionos-cloud/ionoscloud\"]",
      "instances": [
        {
          "schema_version": 1,
          "attributes": {
            "allow_replace": false,
            "annotations": {},
            "auto_scaling": [
              {
                "max_node_count": 2,
                "min_node_count": 1
              }
            ],
            "availability_zone": "AUTO",
            "cores_count": 2,
            "cpu_family": "INTEL_SKYLAKE",
            "datacenter_id": "235e9225-8497-4197-b23e-7c7c1241cfc8",
            "gateway_ip": null,
            "id": "acd95bd3-8b1d-4707-b13c-830b09340150",
            "k8s_cluster_id": "762d489c-0d77-4879-a7d0-695aa52fa73f",
            "k8s_version": "1.25.6",
            "labels": {},
            "lans": [
              {
                "dhcp": true,
                "id": 1,
                "routes": []
              }
            ],
            "maintenance_window": [
              {
                "day_of_the_week": "Saturday",
                "time": "06:18:33Z"
              }
            ],
            "name": "kube-Node-Pool-Franfort-DC",
            "node_count": 2,
            "public_ips": [
              "85.215.49.239",
              "85.215.43.21",
              "85.215.49.238",
              "85.215.49.237"
            ],
            "ram_size": 4096,
            "storage_size": 30,
            "storage_type": "HDD",
            "timeouts": null
          },
          "sensitive_attributes": [],
          "private": "eyJlMmJmYjczMC1lY2FhLTExZTYtOGY4OC0zNDM2M2JjN2M0YzAiOnsiY3JlYXRlIjozNjAwMDAwMDAwMDAwLCJkZWZhdWx0IjozNjAwMDAwMDAwMDAwLCJkZWxldGUiOjM2MDAwMDAwMDAwMDAsInJlYWQiOjM2MDAwMDAwMDAwMDAsInVwZGF0ZSI6MzYwMDAwMDAwMDAwMH0sInNjaGVtYV92ZXJzaW9uIjoiMSJ9",
          "dependencies": [
            "ionoscloud_datacenter.FrankfortDC",
            "ionoscloud_ipblock.ipblock-FrankfortDC",
            "ionoscloud_k8s_cluster.FrankforDC-Kube-Cluster",
            "ionoscloud_lan.net0-frankfortDC"
          ]
        }
      ]
    },
    {
      "mode": "managed",
      "type": "ionoscloud_lan",
      "name": "net0-frankfortDC",
      "provider": "provider[\"registry.terraform.io/ionos-cloud/ionoscloud\"]",
      "instances": [
        {
          "schema_version": 0,
          "attributes": {
            "datacenter_id": "235e9225-8497-4197-b23e-7c7c1241cfc8",
            "id": "1",
            "ip_failover": [],
            "name": "net0-frankfortDC",
            "pcc": null,
            "public": false,
            "timeouts": null
          },
          "sensitive_attributes": [],
          "private": "eyJlMmJmYjczMC1lY2FhLTExZTYtOGY4OC0zNDM2M2JjN2M0YzAiOnsiY3JlYXRlIjozNjAwMDAwMDAwMDAwLCJkZWZhdWx0IjozNjAwMDAwMDAwMDAwLCJkZWxldGUiOjM2MDAwMDAwMDAwMDAsInJlYWQiOjM2MDAwMDAwMDAwMDAsInVwZGF0ZSI6MzYwMDAwMDAwMDAwMH19",
          "dependencies": [
            "ionoscloud_datacenter.FrankfortDC"
          ],
          "create_before_destroy": true
        }
      ]
    }
  ],
  "check_results": null
}
